
Microsoft Visual Studio Solution File, Format Version 12.00
# Visual Studio Version 17
VisualStudioVersion = 17.5.33414.496
MinimumVisualStudioVersion = 10.0.40219.1
Project("{FAE04EC0-301F-11D3-BF4B-00C04F79EFBC}") = "Matrizes", "Matrizes\Matrizes.csproj", "{53683747-CEED-41EF-B532-71E25735236C}"
EndProject
Global
	GlobalSection(SolutionConfigurationPlatforms) = preSolution
		Debug|Any CPU = Debug|Any CPU
		Release|Any CPU = Release|Any CPU
	EndGlobalSection
	GlobalSection(ProjectConfigurationPlatforms) = postSolution
		{53683747-CEED-41EF-B532-71E25735236C}.Debug|Any CPU.ActiveCfg = Debug|Any CPU
		{53683747-CEED-41EF-B532-71E25735236C}.Debug|Any CPU.Build.0 = Debug|Any CPU
		{53683747-CEED-41EF-B532-71E25735236C}.Release|Any CPU.ActiveCfg = Release|Any CPU
		{53683747-CEED-41EF-B532-71E25735236C}.Release|Any CPU.Build.0 = Release|Any CPU
	EndGlobalSection
	GlobalSection(SolutionProperties) = preSolution
		HideSolutionNode = FALSE
	EndGlobalSection
	GlobalSection(ExtensibilityGlobals) = postSolution
		SolutionGuid = {86212213-BF9B-4A0E-A8A8-2C5C7C899964}
	EndGlobalSection
EndGlobal
